
Microsoft Visual Studio Solution File, Format Version 12.00
# Visual Studio 15
VisualStudioVersion = 15.0.28307.168
MinimumVisualStudioVersion = 10.0.40219.1
Project("{FAE04EC0-301F-11D3-BF4B-00C04F79EFBC}") = "Performance_Test_Collections", "Performance_Test_Collections\Performance_Test_Collections.csproj", "{9C397213-B7BC-43D2-972C-B75D366BCDF7}"
EndProject
Global
	GlobalSection(SolutionConfigurationPlatforms) = preSolution
		Debug|Any CPU = Debug|Any CPU
		Release|Any CPU = Release|Any CPU
	EndGlobalSection
	GlobalSection(ProjectConfigurationPlatforms) = postSolution
		{9C397213-B7BC-43D2-972C-B75D366BCDF7}.Debug|Any CPU.ActiveCfg = Debug|Any CPU
		{9C397213-B7BC-43D2-972C-B75D366BCDF7}.Debug|Any CPU.Build.0 = Debug|Any CPU
		{9C397213-B7BC-43D2-972C-B75D366BCDF7}.Release|Any CPU.ActiveCfg = Release|Any CPU
		{9C397213-B7BC-43D2-972C-B75D366BCDF7}.Release|Any CPU.Build.0 = Release|Any CPU
	EndGlobalSection
	GlobalSection(SolutionProperties) = preSolution
		HideSolutionNode = FALSE
	EndGlobalSection
	GlobalSection(ExtensibilityGlobals) = postSolution
		SolutionGuid = {0738C547-F19E-45EC-A996-04AC2B752B1F}
	EndGlobalSection
EndGlobal
